
Microsoft Visual Studio Solution File, Format Version 12.00
# Visual Studio Version 17
VisualStudioVersion = 17.5.33424.131
MinimumVisualStudioVersion = 10.0.40219.1
Project("{8BC9CEB8-8B4A-11D0-8D11-00A0C91BC942}") = "homework_1_stack", "homework_1_stack.vcxproj", "{8A74D560-FF24-44EB-BB38-0D943165A18E}"
EndProject
Project("{2150E333-8FDC-42A3-9474-1A3956D46DE8}") = "Solution Items", "Solution Items", "{497C61B9-D39B-4963-8B37-67E4C77D685F}"
	ProjectSection(SolutionItems) = preProject
		README.md = README.md
	EndProjectSection
EndProject
Global
	GlobalSection(SolutionConfigurationPlatforms) = preSolution
		Debug|x64 = Debug|x64
		Debug|x86 = Debug|x86
		Release|x64 = Release|x64
		Release|x86 = Release|x86
	EndGlobalSection
	GlobalSection(ProjectConfigurationPlatforms) = postSolution
		{8A74D560-FF24-44EB-BB38-0D943165A18E}.Debug|x64.ActiveCfg = Debug|x64
		{8A74D560-FF24-44EB-BB38-0D943165A18E}.Debug|x64.Build.0 = Debug|x64
		{8A74D560-FF24-44EB-BB38-0D943165A18E}.Debug|x86.ActiveCfg = Debug|Win32
		{8A74D560-FF24-44EB-BB38-0D943165A18E}.Debug|x86.Build.0 = Debug|Win32
		{8A74D560-FF24-44EB-BB38-0D943165A18E}.Release|x64.ActiveCfg = Release|x64
		{8A74D560-FF24-44EB-BB38-0D943165A18E}.Release|x64.Build.0 = Release|x64
		{8A74D560-FF24-44EB-BB38-0D943165A18E}.Release|x86.ActiveCfg = Release|Win32
		{8A74D560-FF24-44EB-BB38-0D943165A18E}.Release|x86.Build.0 = Release|Win32
	EndGlobalSection
	GlobalSection(SolutionProperties) = preSolution
		HideSolutionNode = FALSE
	EndGlobalSection
	GlobalSection(ExtensibilityGlobals) = postSolution
		SolutionGuid = {E7AF7027-6FED-48F1-B57D-0FB495BDBA23}
	EndGlobalSection
EndGlobal
